<?xml version="1.0" encoding="utf-8"?>
<Project ToolsVersion="4.0" xmlns="http://schemas.microsoft.com/developer/msbuild/2003">
  <ItemGroup>
    <Filter Include="Sources">
      <UniqueIdentifier>{4FC737F1-C7A5-4376-A066-2A32D752A2FF}</UniqueIdentifier>
      <Extensions>cpp;c;cc;cxx;def;odl;idl;hpj;bat;asm;asmx</Extensions>
    </Filter>
    <Filter Include="Headers">
      <UniqueIdentifier>{93995380-89BD-4b04-88EB-625FBE52EBFB}</UniqueIdentifier>
      <Extensions>h;hpp;hxx;hm;inl;inc;xsd</Extensions>
    </Filter>
    <Filter Include="Resource Files">
      <UniqueIdentifier>{67DA6AB6-F800-4c08-8B7A-83BB121AAD01}</UniqueIdentifier>
      <Extensions>rc;ico;cur;bmp;dlg;rc2;rct;bin;rgs;gif;jpg;jpeg;jpe;resx;tiff;tif;png;wav</Extensions>
    </Filter>
  </ItemGroup>
  <ItemGroup>
    <ClCompile Include="..\..\source\common\appendable.cpp"><Filter>Source Files</Filter></ClCompile>
    <ClCompile Include="..\..\source\common\bmpset.cpp"><Filter>Source Files</Filter></ClCompile>
    <ClCompile Include="..\..\source\common\brkeng.cpp"><Filter>Source Files</Filter></ClCompile>
    <ClCompile Include="..\..\source\common\brkiter.cpp"><Filter>Source Files</Filter></ClCompile>
    <ClCompile Include="..\..\source\common\bytestream.cpp"><Filter>Source Files</Filter></ClCompile>
    <ClCompile Include="..\..\source\common\bytestrie.cpp"><Filter>Source Files</Filter></ClCompile>
    <ClCompile Include="..\..\source\common\bytestriebuilder.cpp"><Filter>Source Files</Filter></ClCompile>
    <ClCompile Include="..\..\source\common\bytestrieiterator.cpp"><Filter>Source Files</Filter></ClCompile>
    <ClCompile Include="..\..\source\common\caniter.cpp"><Filter>Source Files</Filter></ClCompile>
    <ClCompile Include="..\..\source\common\chariter.cpp"><Filter>Source Files</Filter></ClCompile>
    <ClCompile Include="..\..\source\common\charstr.cpp"><Filter>Source Files</Filter></ClCompile>
    <ClCompile Include="..\..\source\common\cmemory.c"><Filter>Source Files</Filter></ClCompile>
    <ClCompile Include="..\..\source\common\cstring.c"><Filter>Source Files</Filter></ClCompile>
    <ClCompile Include="..\..\source\common\cstr.cpp"><Filter>Source Files</Filter></ClCompile>
    <ClCompile Include="..\..\source\common\cwchar.c"><Filter>Source Files</Filter></ClCompile>
    <ClCompile Include="..\..\source\common\dictbe.cpp"><Filter>Source Files</Filter></ClCompile>
    <ClCompile Include="..\..\source\common\dictionarydata.cpp"><Filter>Source Files</Filter></ClCompile>
    <ClCompile Include="..\..\source\common\dtintrv.cpp"><Filter>Source Files</Filter></ClCompile>
    <ClCompile Include="..\..\source\common\errorcode.cpp"><Filter>Source Files</Filter></ClCompile>
    <ClCompile Include="..\..\source\common\filteredbrk.cpp"><Filter>Source Files</Filter></ClCompile>
    <ClCompile Include="..\..\source\common\filterednormalizer2.cpp"><Filter>Source Files</Filter></ClCompile>
    <ClCompile Include="..\..\source\common\icudataver.c"><Filter>Source Files</Filter></ClCompile>
    <ClCompile Include="..\..\source\common\icuplug.cpp"><Filter>Source Files</Filter></ClCompile>
    <ClCompile Include="..\..\source\common\listformatter.cpp"><Filter>Source Files</Filter></ClCompile>
    <ClCompile Include="..\..\source\common\loadednormalizer2impl.cpp"><Filter>Source Files</Filter></ClCompile>
    <ClCompile Include="..\..\source\common\locavailable.cpp"><Filter>Source Files</Filter></ClCompile>
    <ClCompile Include="..\..\source\common\locbased.cpp"><Filter>Source Files</Filter></ClCompile>
    <ClCompile Include="..\..\source\common\locdispnames.cpp"><Filter>Source Files</Filter></ClCompile>
    <ClCompile Include="..\..\source\common\locdspnm.cpp"><Filter>Source Files</Filter></ClCompile>
    <ClCompile Include="..\..\source\common\locid.cpp"><Filter>Source Files</Filter></ClCompile>
    <ClCompile Include="..\..\source\common\loclikely.cpp"><Filter>Source Files</Filter></ClCompile>
    <ClCompile Include="..\..\source\common\locmap.c"><Filter>Source Files</Filter></ClCompile>
    <ClCompile Include="..\..\source\common\locresdata.cpp"><Filter>Source Files</Filter></ClCompile>
    <ClCompile Include="..\..\source\common\locutil.cpp"><Filter>Source Files</Filter></ClCompile>
    <ClCompile Include="..\..\source\common\messagepattern.cpp"><Filter>Source Files</Filter></ClCompile>
    <ClCompile Include="..\..\source\common\normalizer2.cpp"><Filter>Source Files</Filter></ClCompile>
    <ClCompile Include="..\..\source\common\normalizer2impl.cpp"><Filter>Source Files</Filter></ClCompile>
    <ClCompile Include="..\..\source\common\normlzr.cpp"><Filter>Source Files</Filter></ClCompile>
    <ClCompile Include="..\..\source\common\parsepos.cpp"><Filter>Source Files</Filter></ClCompile>
    <ClCompile Include="..\..\source\common\patternprops.cpp"><Filter>Source Files</Filter></ClCompile>
    <ClCompile Include="..\..\source\common\pluralmap.cpp"><Filter>Source Files</Filter></ClCompile>
    <ClCompile Include="..\..\source\common\propname.cpp"><Filter>Source Files</Filter></ClCompile>
    <ClCompile Include="..\..\source\common\propsvec.c"><Filter>Source Files</Filter></ClCompile>
    <ClCompile Include="..\..\source\common\punycode.cpp"><Filter>Source Files</Filter></ClCompile>
    <ClCompile Include="..\..\source\common\putil.cpp"><Filter>Source Files</Filter></ClCompile>
    <ClCompile Include="..\..\source\common\rbbi.cpp"><Filter>Source Files</Filter></ClCompile>
    <ClCompile Include="..\..\source\common\rbbidata.cpp"><Filter>Source Files</Filter></ClCompile>
    <ClCompile Include="..\..\source\common\rbbinode.cpp"><Filter>Source Files</Filter></ClCompile>
    <ClCompile Include="..\..\source\common\rbbirb.cpp"><Filter>Source Files</Filter></ClCompile>
    <ClCompile Include="..\..\source\common\rbbiscan.cpp"><Filter>Source Files</Filter></ClCompile>
    <ClCompile Include="..\..\source\common\rbbisetb.cpp"><Filter>Source Files</Filter></ClCompile>
    <ClCompile Include="..\..\source\common\rbbistbl.cpp"><Filter>Source Files</Filter></ClCompile>
    <ClCompile Include="..\..\source\common\rbbitblb.cpp"><Filter>Source Files</Filter></ClCompile>
    <ClCompile Include="..\..\source\common\resbund.cpp"><Filter>Source Files</Filter></ClCompile>
    <ClCompile Include="..\..\source\common\resbund_cnv.cpp"><Filter>Source Files</Filter></ClCompile>
    <ClCompile Include="..\..\source\common\resource.cpp"><Filter>Source Files</Filter></ClCompile>
    <ClCompile Include="..\..\source\common\ruleiter.cpp"><Filter>Source Files</Filter></ClCompile>
    <ClCompile Include="..\..\source\common\schriter.cpp"><Filter>Source Files</Filter></ClCompile>
    <ClCompile Include="..\..\source\common\serv.cpp"><Filter>Source Files</Filter></ClCompile>
    <ClCompile Include="..\..\source\common\servlk.cpp"><Filter>Source Files</Filter></ClCompile>
    <ClCompile Include="..\..\source\common\servlkf.cpp"><Filter>Source Files</Filter></ClCompile>
    <ClCompile Include="..\..\source\common\servls.cpp"><Filter>Source Files</Filter></ClCompile>
    <ClCompile Include="..\..\source\common\servnotf.cpp"><Filter>Source Files</Filter></ClCompile>
    <ClCompile Include="..\..\source\common\servrbf.cpp"><Filter>Source Files</Filter></ClCompile>
    <ClCompile Include="..\..\source\common\servslkf.cpp"><Filter>Source Files</Filter></ClCompile>
    <ClCompile Include="..\..\source\common\simpleformatter.cpp"><Filter>Source Files</Filter></ClCompile>
    <ClCompile Include="..\..\source\common\stringpiece.cpp"><Filter>Source Files</Filter></ClCompile>
    <ClCompile Include="..\..\source\common\stringtriebuilder.cpp"><Filter>Source Files</Filter></ClCompile>
    <ClCompile Include="..\..\source\common\uarrsort.c"><Filter>Source Files</Filter></ClCompile>
    <ClCompile Include="..\..\source\common\ubidi.c"><Filter>Source Files</Filter></ClCompile>
    <ClCompile Include="..\..\source\common\ubidiln.c"><Filter>Source Files</Filter></ClCompile>
    <ClCompile Include="..\..\source\common\ubiditransform.c"><Filter>Source Files</Filter></ClCompile>
    <ClCompile Include="..\..\source\common\ubidi_props.c"><Filter>Source Files</Filter></ClCompile>
    <ClCompile Include="..\..\source\common\ubidiwrt.c"><Filter>Source Files</Filter></ClCompile>
    <ClCompile Include="..\..\source\common\ubrk.cpp"><Filter>Source Files</Filter></ClCompile>
    <ClCompile Include="..\..\source\common\ucase.cpp"><Filter>Source Files</Filter></ClCompile>
    <ClCompile Include="..\..\source\common\ucasemap.cpp"><Filter>Source Files</Filter></ClCompile>
    <ClCompile Include="..\..\source\common\ucasemap_titlecase_brkiter.cpp"><Filter>Source Files</Filter></ClCompile>
    <ClCompile Include="..\..\source\common\ucat.c"><Filter>Source Files</Filter></ClCompile>
    <ClCompile Include="..\..\source\common\uchar.c"><Filter>Source Files</Filter></ClCompile>
    <ClCompile Include="..\..\source\common\ucharstrie.cpp"><Filter>Source Files</Filter></ClCompile>
    <ClCompile Include="..\..\source\common\ucharstriebuilder.cpp"><Filter>Source Files</Filter></ClCompile>
    <ClCompile Include="..\..\source\common\ucharstrieiterator.cpp"><Filter>Source Files</Filter></ClCompile>
    <ClCompile Include="..\..\source\common\uchriter.cpp"><Filter>Source Files</Filter></ClCompile>
    <ClCompile Include="..\..\source\common\ucln_cmn.cpp"><Filter>Source Files</Filter></ClCompile>
    <ClCompile Include="..\..\source\common\ucmndata.c"><Filter>Source Files</Filter></ClCompile>
    <ClCompile Include="..\..\source\common\ucnv.c"><Filter>Source Files</Filter></ClCompile>
    <ClCompile Include="..\..\source\common\ucnvbocu.cpp"><Filter>Source Files</Filter></ClCompile>
    <ClCompile Include="..\..\source\common\ucnv2022.cpp"><Filter>Source Files</Filter></ClCompile>
    <ClCompile Include="..\..\source\common\ucnvdisp.c"><Filter>Source Files</Filter></ClCompile>
    <ClCompile Include="..\..\source\common\ucnvhz.c"><Filter>Source Files</Filter></ClCompile>
    <ClCompile Include="..\..\source\common\ucnvisci.c"><Filter>Source Files</Filter></ClCompile>
    <ClCompile Include="..\..\source\common\ucnvlat1.c"><Filter>Source Files</Filter></ClCompile>
    <ClCompile Include="..\..\source\common\ucnvmbcs.cpp"><Filter>Source Files</Filter></ClCompile>
    <ClCompile Include="..\..\source\common\ucnvscsu.c"><Filter>Source Files</Filter></ClCompile>
    <ClCompile Include="..\..\source\common\ucnvsel.cpp"><Filter>Source Files</Filter></ClCompile>
    <ClCompile Include="..\..\source\common\ucnv_bld.cpp"><Filter>Source Files</Filter></ClCompile>
    <ClCompile Include="..\..\source\common\ucnv_cb.c"><Filter>Source Files</Filter></ClCompile>
    <ClCompile Include="..\..\source\common\ucnv_cnv.c"><Filter>Source Files</Filter></ClCompile>
    <ClCompile Include="..\..\source\common\ucnv_ct.c"><Filter>Source Files</Filter></ClCompile>
    <ClCompile Include="..\..\source\common\ucnv_err.c"><Filter>Source Files</Filter></ClCompile>
    <ClCompile Include="..\..\source\common\ucnv_ext.cpp"><Filter>Source Files</Filter></ClCompile>
    <ClCompile Include="..\..\source\common\ucnv_io.cpp"><Filter>Source Files</Filter></ClCompile>
    <ClCompile Include="..\..\source\common\ucnv_lmb.c"><Filter>Source Files</Filter></ClCompile>
    <ClCompile Include="..\..\source\common\ucnv_set.c"><Filter>Source Files</Filter></ClCompile>
    <ClCompile Include="..\..\source\common\ucnv_u16.c"><Filter>Source Files</Filter></ClCompile>
    <ClCompile Include="..\..\source\common\ucnv_u32.c"><Filter>Source Files</Filter></ClCompile>
    <ClCompile Include="..\..\source\common\ucnv_u7.c"><Filter>Source Files</Filter></ClCompile>
    <ClCompile Include="..\..\source\common\ucnv_u8.c"><Filter>Source Files</Filter></ClCompile>
    <ClCompile Include="..\..\source\common\ucol_swp.cpp"><Filter>Source Files</Filter></ClCompile>
    <ClCompile Include="..\..\source\common\ucurr.cpp"><Filter>Source Files</Filter></ClCompile>
    <ClCompile Include="..\..\source\common\udata.cpp"><Filter>Source Files</Filter></ClCompile>
    <ClCompile Include="..\..\source\common\udatamem.c"><Filter>Source Files</Filter></ClCompile>
    <ClCompile Include="..\..\source\common\udataswp.c"><Filter>Source Files</Filter></ClCompile>
    <ClCompile Include="..\..\source\common\uenum.c"><Filter>Source Files</Filter></ClCompile>
    <ClCompile Include="..\..\source\common\uhash.c"><Filter>Source Files</Filter></ClCompile>
    <ClCompile Include="..\..\source\common\uhash_us.cpp"><Filter>Source Files</Filter></ClCompile>
    <ClCompile Include="..\..\source\common\uidna.cpp"><Filter>Source Files</Filter></ClCompile>
    <ClCompile Include="..\..\source\common\uinit.cpp"><Filter>Source Files</Filter></ClCompile>
    <ClCompile Include="..\..\source\common\uiter.cpp"><Filter>Source Files</Filter></ClCompile>
    <ClCompile Include="..\..\source\common\uinvchar.c"><Filter>Source Files</Filter></ClCompile>
    <ClCompile Include="..\..\source\common\ulist.c"><Filter>Source Files</Filter></ClCompile>
    <ClCompile Include="..\..\source\common\ulistformatter.cpp"><Filter>Source Files</Filter></ClCompile>
    <ClCompile Include="..\..\source\common\uloc.cpp"><Filter>Source Files</Filter></ClCompile>
    <ClCompile Include="..\..\source\common\uloc_keytype.cpp"><Filter>Source Files</Filter></ClCompile>
    <ClCompile Include="..\..\source\common\uloc_tag.c"><Filter>Source Files</Filter></ClCompile>
    <ClCompile Include="..\..\source\common\umapfile.c"><Filter>Source Files</Filter></ClCompile>
    <ClCompile Include="..\..\source\common\umath.c"><Filter>Source Files</Filter></ClCompile>
    <ClCompile Include="..\..\source\common\unames.cpp"><Filter>Source Files</Filter></ClCompile>
    <ClCompile Include="..\..\source\common\unifiedcache.cpp"><Filter>Source Files</Filter></ClCompile>
    <ClCompile Include="..\..\source\common\unifilt.cpp"><Filter>Source Files</Filter></ClCompile>
    <ClCompile Include="..\..\source\common\unifunct.cpp"><Filter>Source Files</Filter></ClCompile>
    <ClCompile Include="..\..\source\common\uniset.cpp"><Filter>Source Files</Filter></ClCompile>
    <ClCompile Include="..\..\source\common\unisetspan.cpp"><Filter>Source Files</Filter></ClCompile>
    <ClCompile Include="..\..\source\common\uniset_closure.cpp"><Filter>Source Files</Filter></ClCompile>
    <ClCompile Include="..\..\source\common\uniset_props.cpp"><Filter>Source Files</Filter></ClCompile>
    <ClCompile Include="..\..\source\common\unistr.cpp"><Filter>Source Files</Filter></ClCompile>
    <ClCompile Include="..\..\source\common\unistr_case.cpp"><Filter>Source Files</Filter></ClCompile>
    <ClCompile Include="..\..\source\common\unistr_case_locale.cpp"><Filter>Source Files</Filter></ClCompile>
    <ClCompile Include="..\..\source\common\unistr_cnv.cpp"><Filter>Source Files</Filter></ClCompile>
    <ClCompile Include="..\..\source\common\unistr_props.cpp"><Filter>Source Files</Filter></ClCompile>
    <ClCompile Include="..\..\source\common\unistr_titlecase_brkiter.cpp"><Filter>Source Files</Filter></ClCompile>
    <ClCompile Include="..\..\source\common\unorm.cpp"><Filter>Source Files</Filter></ClCompile>
    <ClCompile Include="..\..\source\common\unormcmp.cpp"><Filter>Source Files</Filter></ClCompile>
    <ClCompile Include="..\..\source\common\uobject.cpp"><Filter>Source Files</Filter></ClCompile>
    <ClCompile Include="..\..\source\common\uprops.cpp"><Filter>Source Files</Filter></ClCompile>
    <ClCompile Include="..\..\source\common\uresbund.cpp"><Filter>Source Files</Filter></ClCompile>
    <ClCompile Include="..\..\source\common\uresdata.cpp"><Filter>Source Files</Filter></ClCompile>
    <ClCompile Include="..\..\source\common\ures_cnv.c"><Filter>Source Files</Filter></ClCompile>
    <ClCompile Include="..\..\source\common\uscript.c"><Filter>Source Files</Filter></ClCompile>
    <ClCompile Include="..\..\source\common\uscript_props.cpp"><Filter>Source Files</Filter></ClCompile>
    <ClCompile Include="..\..\source\common\usc_impl.c"><Filter>Source Files</Filter></ClCompile>
    <ClCompile Include="..\..\source\common\uset.cpp"><Filter>Source Files</Filter></ClCompile>
    <ClCompile Include="..\..\source\common\uset_props.cpp"><Filter>Source Files</Filter></ClCompile>
    <ClCompile Include="..\..\source\common\usetiter.cpp"><Filter>Source Files</Filter></ClCompile>
    <ClCompile Include="..\..\source\common\ushape.cpp"><Filter>Source Files</Filter></ClCompile>
    <ClCompile Include="..\..\source\common\usprep.cpp"><Filter>Source Files</Filter></ClCompile>
    <ClCompile Include="..\..\source\common\ustack.cpp"><Filter>Source Files</Filter></ClCompile>
    <ClCompile Include="..\..\source\common\ustrenum.cpp"><Filter>Source Files</Filter></ClCompile>
    <ClCompile Include="..\..\source\common\ustrcase.cpp"><Filter>Source Files</Filter></ClCompile>
    <ClCompile Include="..\..\source\common\ustrcase_locale.cpp"><Filter>Source Files</Filter></ClCompile>
    <ClCompile Include="..\..\source\common\ustring.cpp"><Filter>Source Files</Filter></ClCompile>
    <ClCompile Include="..\..\source\common\ustrfmt.c"><Filter>Source Files</Filter></ClCompile>
    <ClCompile Include="..\..\source\common\ustr_cnv.cpp"><Filter>Source Files</Filter></ClCompile>
    <ClCompile Include="..\..\source\common\ustr_titlecase_brkiter.cpp"><Filter>Source Files</Filter></ClCompile>
    <ClCompile Include="..\..\source\common\ustr_wcs.cpp"><Filter>Source Files</Filter></ClCompile>
    <ClCompile Include="..\..\source\common\ustrtrns.cpp"><Filter>Source Files</Filter></ClCompile>
    <ClCompile Include="..\..\source\common\utext.cpp"><Filter>Source Files</Filter></ClCompile>
    <ClCompile Include="..\..\source\common\utf_impl.c"><Filter>Source Files</Filter></ClCompile>
    <ClCompile Include="..\..\source\common\util.cpp"><Filter>Source Files</Filter></ClCompile>
    <ClCompile Include="..\..\source\common\util_props.cpp"><Filter>Source Files</Filter></ClCompile>
    <ClCompile Include="..\..\source\common\utrace.c"><Filter>Source Files</Filter></ClCompile>
    <ClCompile Include="..\..\source\common\utrie.cpp"><Filter>Source Files</Filter></ClCompile>
    <ClCompile Include="..\..\source\common\utrie2.cpp"><Filter>Source Files</Filter></ClCompile>
    <ClCompile Include="..\..\source\common\utrie2_builder.cpp"><Filter>Source Files</Filter></ClCompile>
    <ClCompile Include="..\..\source\common\uts46.cpp"><Filter>Source Files</Filter></ClCompile>
    <ClCompile Include="..\..\source\common\utypes.c"><Filter>Source Files</Filter></ClCompile>
    <ClCompile Include="..\..\source\common\uvector.cpp"><Filter>Source Files</Filter></ClCompile>
    <ClCompile Include="..\..\source\common\uvectr32.cpp"><Filter>Source Files</Filter></ClCompile>
    <ClCompile Include="..\..\source\common\uvectr64.cpp"><Filter>Source Files</Filter></ClCompile>
    <ClCompile Include="..\..\source\common\umutex.cpp"><Filter>Source Files</Filter></ClCompile>
    <ClCompile Include="..\..\source\common\wintz.c"><Filter>Source Files</Filter></ClCompile>
  </ItemGroup>
  <ItemGroup>
    <ResourceCompile Include="..\..\source\common\common.rc"><Filter>Resource Files</Filter></ResourceCompile>
  </ItemGroup>
  <ItemGroup>
    <CustomBuild Include="..\..\source\common\unicode\ubidi.h"><Filter>Resource Files</Filter></CustomBuild>
    <CustomBuild Include="..\..\source\common\unicode\ushape.h"><Filter>Resource Files</Filter></CustomBuild>
    <CustomBuild Include="..\..\source\common\unicode\brkiter.h"><Filter>Resource Files</Filter></CustomBuild>
    <CustomBuild Include="..\..\source\common\unicode\dbbi.h"><Filter>Resource Files</Filter></CustomBuild>
    <CustomBuild Include="..\..\source\common\unicode\rbbi.h"><Filter>Resource Files</Filter></CustomBuild>
    <CustomBuild Include="..\..\source\common\unicode\ubrk.h"><Filter>Resource Files</Filter></CustomBuild>
    <CustomBuild Include="..\..\source\common\unicode\strenum.h"><Filter>Resource Files</Filter></CustomBuild>
    <CustomBuild Include="..\..\source\common\unicode\uenum.h"><Filter>Resource Files</Filter></CustomBuild>
    <CustomBuild Include="..\..\source\common\unicode\enumset.h"><Filter>Resource Files</Filter></CustomBuild>
    <CustomBuild Include="..\..\source\common\unicode\docmain.h"><Filter>Resource Files</Filter></CustomBuild>
    <CustomBuild Include="..\..\source\common\unicode\errorcode.h"><Filter>Resource Files</Filter></CustomBuild>
    <CustomBuild Include="..\..\source\common\unicode\icudataver.h"><Filter>Resource Files</Filter></CustomBuild>
    <CustomBuild Include="..\..\source\common\unicode\platform.h"><Filter>Resource Files</Filter></CustomBuild>
    <CustomBuild Include="..\..\source\common\unicode\ptypes.h"><Filter>Resource Files</Filter></CustomBuild>
    <CustomBuild Include="..\..\source\common\unicode\putil.h"><Filter>Resource Files</Filter></CustomBuild>
    <CustomBuild Include="..\..\source\common\unicode\std_string.h"><Filter>Resource Files</Filter></CustomBuild>
    <CustomBuild Include="..\..\source\common\unicode\uconfig.h"><Filter>Resource Files</Filter></CustomBuild>
    <CustomBuild Include="..\..\source\common\unicode\umachine.h"><Filter>Resource Files</Filter></CustomBuild>
    <CustomBuild Include="..\..\source\common\unicode\urename.h"><Filter>Resource Files</Filter></CustomBuild>
    <CustomBuild Include="..\..\source\common\unicode\utrace.h"><Filter>Resource Files</Filter></CustomBuild>
    <CustomBuild Include="..\..\source\common\unicode\utypes.h"><Filter>Resource Files</Filter></CustomBuild>
    <CustomBuild Include="..\..\source\common\unicode\uvernum.h"><Filter>Resource Files</Filter></CustomBuild>
    <CustomBuild Include="..\..\source\common\unicode\uversion.h"><Filter>Resource Files</Filter></CustomBuild>
    <CustomBuild Include="..\..\source\common\unicode\ucnv.h"><Filter>Resource Files</Filter></CustomBuild>
    <CustomBuild Include="..\..\source\common\unicode\ucnv_cb.h"><Filter>Resource Files</Filter></CustomBuild>
    <CustomBuild Include="..\..\source\common\unicode\ucnv_err.h"><Filter>Resource Files</Filter></CustomBuild>
    <CustomBuild Include="..\..\source\common\unicode\ucnvsel.h"><Filter>Resource Files</Filter></CustomBuild>
    <CustomBuild Include="..\..\source\common\unicode\localpointer.h"><Filter>Resource Files</Filter></CustomBuild>
    <CustomBuild Include="..\..\source\common\unicode\uclean.h"><Filter>Resource Files</Filter></CustomBuild>
    <CustomBuild Include="..\..\source\common\unicode\udata.h"><Filter>Resource Files</Filter></CustomBuild>
    <CustomBuild Include="..\..\source\common\unicode\uobject.h"><Filter>Resource Files</Filter></CustomBuild>
    <CustomBuild Include="..\..\source\common\unicode\dtintrv.h"><Filter>Resource Files</Filter></CustomBuild>
    <CustomBuild Include="..\..\source\common\unicode\parseerr.h"><Filter>Resource Files</Filter></CustomBuild>
    <CustomBuild Include="..\..\source\common\unicode\parsepos.h"><Filter>Resource Files</Filter></CustomBuild>
    <CustomBuild Include="..\..\source\common\unicode\umisc.h"><Filter>Resource Files</Filter></CustomBuild>
    <CustomBuild Include="..\..\source\common\unicode\idna.h"><Filter>Resource Files</Filter></CustomBuild>
    <CustomBuild Include="..\..\source\common\unicode\uidna.h"><Filter>Resource Files</Filter></CustomBuild>
    <CustomBuild Include="..\..\source\common\unicode\locid.h"><Filter>Resource Files</Filter></CustomBuild>
    <CustomBuild Include="..\..\source\common\unicode\resbund.h"><Filter>Resource Files</Filter></CustomBuild>
    <CustomBuild Include="..\..\source\common\unicode\locdspnm.h"><Filter>Resource Files</Filter></CustomBuild>
    <CustomBuild Include="..\..\source\common\unicode\simpleformatter.h"><Filter>Resource Files</Filter></CustomBuild>
    <CustomBuild Include="..\..\source\common\unicode\ucat.h"><Filter>Resource Files</Filter></CustomBuild>
    <CustomBuild Include="..\..\source\common\unicode\udisplaycontext.h"><Filter>Resource Files</Filter></CustomBuild>
    <CustomBuild Include="..\..\source\common\unicode\uldnames.h"><Filter>Resource Files</Filter></CustomBuild>
    <CustomBuild Include="..\..\source\common\unicode\uloc.h"><Filter>Resource Files</Filter></CustomBuild>
    <CustomBuild Include="..\..\source\common\unicode\ures.h"><Filter>Resource Files</Filter></CustomBuild>
    <CustomBuild Include="..\..\source\common\unicode\ucurr.h"><Filter>Resource Files</Filter></CustomBuild>
    <CustomBuild Include="..\..\source\common\unicode\caniter.h"><Filter>Resource Files</Filter></CustomBuild>
    <CustomBuild Include="..\..\source\common\unicode\normalizer2.h"><Filter>Resource Files</Filter></CustomBuild>
    <CustomBuild Include="..\..\source\common\unicode\normlzr.h"><Filter>Resource Files</Filter></CustomBuild>
    <CustomBuild Include="..\..\source\common\unicode\unorm.h"><Filter>Resource Files</Filter></CustomBuild>
    <CustomBuild Include="..\..\source\common\unicode\unorm2.h"><Filter>Resource Files</Filter></CustomBuild>
    <CustomBuild Include="..\..\source\common\unicode\symtable.h"><Filter>Resource Files</Filter></CustomBuild>
    <CustomBuild Include="..\..\source\common\unicode\uchar.h"><Filter>Resource Files</Filter></CustomBuild>
    <CustomBuild Include="..\..\source\common\unicode\unifilt.h"><Filter>Resource Files</Filter></CustomBuild>
    <CustomBuild Include="..\..\source\common\unicode\unifunct.h"><Filter>Resource Files</Filter></CustomBuild>
    <CustomBuild Include="..\..\source\common\unicode\unimatch.h"><Filter>Resource Files</Filter></CustomBuild>
    <CustomBuild Include="..\..\source\common\unicode\uniset.h"><Filter>Resource Files</Filter></CustomBuild>
    <CustomBuild Include="..\..\source\common\unicode\uscript.h"><Filter>Resource Files</Filter></CustomBuild>
    <CustomBuild Include="..\..\source\common\unicode\uset.h"><Filter>Resource Files</Filter></CustomBuild>
    <CustomBuild Include="..\..\source\common\unicode\usetiter.h"><Filter>Resource Files</Filter></CustomBuild>
    <CustomBuild Include="..\..\source\common\unicode\icuplug.h"><Filter>Resource Files</Filter></CustomBuild>
    <CustomBuild Include="..\..\source\common\unicode\usprep.h"><Filter>Resource Files</Filter></CustomBuild>
    <CustomBuild Include="..\..\source\common\unicode\appendable.h"><Filter>Resource Files</Filter></CustomBuild>
    <CustomBuild Include="..\..\source\common\unicode\bytestream.h"><Filter>Resource Files</Filter></CustomBuild>
    <CustomBuild Include="..\..\source\common\unicode\bytestrie.h"><Filter>Resource Files</Filter></CustomBuild>
    <CustomBuild Include="..\..\source\common\unicode\bytestriebuilder.h"><Filter>Resource Files</Filter></CustomBuild>
    <CustomBuild Include="..\..\source\common\unicode\chariter.h"><Filter>Resource Files</Filter></CustomBuild>
    <CustomBuild Include="..\..\source\common\unicode\messagepattern.h"><Filter>Resource Files</Filter></CustomBuild>
    <CustomBuild Include="..\..\source\common\unicode\rep.h"><Filter>Resource Files</Filter></CustomBuild>
    <CustomBuild Include="..\..\source\common\unicode\schriter.h"><Filter>Resource Files</Filter></CustomBuild>
    <CustomBuild Include="..\..\source\common\unicode\stringpiece.h"><Filter>Resource Files</Filter></CustomBuild>
    <CustomBuild Include="..\..\source\common\unicode\stringtriebuilder.h"><Filter>Resource Files</Filter></CustomBuild>
    <CustomBuild Include="..\..\source\common\unicode\ucasemap.h"><Filter>Resource Files</Filter></CustomBuild>
    <CustomBuild Include="..\..\source\common\unicode\ucharstrie.h"><Filter>Resource Files</Filter></CustomBuild>
    <CustomBuild Include="..\..\source\common\unicode\ucharstriebuilder.h"><Filter>Resource Files</Filter></CustomBuild>
    <CustomBuild Include="..\..\source\common\unicode\uchriter.h"><Filter>Resource Files</Filter></CustomBuild>
    <CustomBuild Include="..\..\source\common\unicode\uiter.h"><Filter>Resource Files</Filter></CustomBuild>
    <CustomBuild Include="..\..\source\common\unicode\unistr.h"><Filter>Resource Files</Filter></CustomBuild>
    <CustomBuild Include="..\..\source\common\unicode\urep.h"><Filter>Resource Files</Filter></CustomBuild>
    <CustomBuild Include="..\..\source\common\unicode\ustring.h"><Filter>Resource Files</Filter></CustomBuild>
    <CustomBuild Include="..\..\source\common\unicode\ustringtrie.h"><Filter>Resource Files</Filter></CustomBuild>
    <CustomBuild Include="..\..\source\common\unicode\utext.h"><Filter>Resource Files</Filter></CustomBuild>
    <CustomBuild Include="..\..\source\common\unicode\utf.h"><Filter>Resource Files</Filter></CustomBuild>
    <CustomBuild Include="..\..\source\common\unicode\utf16.h"><Filter>Resource Files</Filter></CustomBuild>
    <CustomBuild Include="..\..\source\common\unicode\utf32.h"><Filter>Resource Files</Filter></CustomBuild>
    <CustomBuild Include="..\..\source\common\unicode\utf8.h"><Filter>Resource Files</Filter></CustomBuild>
    <CustomBuild Include="..\..\source\common\unicode\utf_old.h"><Filter>Resource Files</Filter></CustomBuild>
    <CustomBuild Include="..\..\source\common\unicode\listformatter.h"><Filter>Resource Files</Filter></CustomBuild>
    <CustomBuild Include="..\..\source\common\unicode\ulistformatter.h"><Filter>Resource Files</Filter></CustomBuild>
  </ItemGroup>
</Project>