
Microsoft Visual Studio Solution File, Format Version 12.00
# Visual Studio 15
Project("{8BC9CEB8-8B4A-11D0-8D11-00A0C91BC942}") = "pixman-1", "pixman-1.vcxproj", "{3D884060-985F-4A20-8BA9-9DF4E33A9582}"
EndProject
Project("{8BC9CEB8-8B4A-11D0-8D11-00A0C91BC942}") = "a1-trap-test", "a1-trap-test.vcxproj", "{944B8C0F-E24E-4DBA-BAA8-A7FECE4DE231}"
EndProject
Project("{8BC9CEB8-8B4A-11D0-8D11-00A0C91BC942}") = "affine-test", "affine-test.vcxproj", "{EDD79FCF-AC6A-4348-BADF-9A117771EAA5}"
EndProject
Project("{8BC9CEB8-8B4A-11D0-8D11-00A0C91BC942}") = "thread-test", "thread-test.vcxproj", "{EB9A286F-735E-4590-B08B-856529FD1A24}"
EndProject
Project("{8BC9CEB8-8B4A-11D0-8D11-00A0C91BC942}") = "alpha-loop", "alpha-loop.vcxproj", "{64E7839A-667C-43B7-A943-4D48FD05BA08}"
EndProject
Project("{8BC9CEB8-8B4A-11D0-8D11-00A0C91BC942}") = "alphamap", "alphamap.vcxproj", "{5B7F2959-A6D3-49CC-9616-EC9FAE9D04EC}"
EndProject
Project("{8BC9CEB8-8B4A-11D0-8D11-00A0C91BC942}") = "blitters-test", "blitters-test.vcxproj", "{D062AF83-7781-4721-A6A7-BC47DCAD5AF4}"
EndProject
Project("{8BC9CEB8-8B4A-11D0-8D11-00A0C91BC942}") = "combiner-test", "combiner-test.vcxproj", "{5F444F67-FC05-4C2D-9ECF-3E8EA94EBD06}"
EndProject
Project("{8BC9CEB8-8B4A-11D0-8D11-00A0C91BC942}") = "composite-test", "composite-test.vcxproj", "{4063D444-91DF-4B7A-9FBE-217A0418A28F}"
EndProject
Project("{8BC9CEB8-8B4A-11D0-8D11-00A0C91BC942}") = "fetch-test", "fetch-test.vcxproj", "{3A307E11-1A84-4EED-96C9-82F294C97605}"
EndProject
Project("{8BC9CEB8-8B4A-11D0-8D11-00A0C91BC942}") = "composite-traps-test", "composite-traps-test.vcxproj", "{D0DC7286-B2C8-49A0-8681-D38CDB5B2BF7}"
EndProject
Project("{8BC9CEB8-8B4A-11D0-8D11-00A0C91BC942}") = "glyph-test", "glyph-test.vcxproj", "{1EA27502-5C8E-4791-A65F-FC4E9FA2CD16}"
EndProject
Project("{8BC9CEB8-8B4A-11D0-8D11-00A0C91BC942}") = "gradient-crash-test", "gradient-crash-test.vcxproj", "{8DD8125E-C85F-47D0-81D8-02256D9FF7E8}"
EndProject
Project("{8BC9CEB8-8B4A-11D0-8D11-00A0C91BC942}") = "infinite-loop", "infinite-loop.vcxproj", "{12A2C9C8-F1F1-41E9-9BE8-E77F6A5DFDF0}"
EndProject
Project("{8BC9CEB8-8B4A-11D0-8D11-00A0C91BC942}") = "matrix-test", "matrix-test.vcxproj", "{3050B13C-71A2-46D9-B449-5EA7110EF4F9}"
EndProject
Project("{8BC9CEB8-8B4A-11D0-8D11-00A0C91BC942}") = "oob-test", "oob-test.vcxproj", "{6F541D24-3BB8-4AB4-B45F-5434D0BFBFD0}"
EndProject
Project("{8BC9CEB8-8B4A-11D0-8D11-00A0C91BC942}") = "pdf-op-test", "pdf-op-test.vcxproj", "{DED46E8D-C122-41D6-B1A5-CE83E1547ABA}"
EndProject
Project("{8BC9CEB8-8B4A-11D0-8D11-00A0C91BC942}") = "pixel-test", "pixel-test.vcxproj", "{BE58FBF3-38FE-4C2F-B6A4-6250DED79B1D}"
EndProject
Project("{8BC9CEB8-8B4A-11D0-8D11-00A0C91BC942}") = "prng-test", "prng-test.vcxproj", "{3E3C1D84-3713-4789-9A2D-8288F33D45D6}"
EndProject
Project("{8BC9CEB8-8B4A-11D0-8D11-00A0C91BC942}") = "region-contains-test", "region-contains-test.vcxproj", "{D83360BA-6911-49CE-B0C5-8B77D68EEB83}"
EndProject
Project("{8BC9CEB8-8B4A-11D0-8D11-00A0C91BC942}") = "region-test", "region-test.vcxproj", "{3B537851-D69A-4E85-B520-0630DEFE7009}"
EndProject
Project("{8BC9CEB8-8B4A-11D0-8D11-00A0C91BC942}") = "region-translate-test", "region-translate-test.vcxproj", "{5CB5FCF2-2F30-428C-9452-FC741B4C8712}"
EndProject
Project("{8BC9CEB8-8B4A-11D0-8D11-00A0C91BC942}") = "rotate-test", "rotate-test.vcxproj", "{5846E5AC-DED5-443A-ACA4-F767270909C0}"
EndProject
Project("{8BC9CEB8-8B4A-11D0-8D11-00A0C91BC942}") = "scaling-crash-test", "scaling-crash-test.vcxproj", "{2E18C756-1A78-40D9-AAF3-17078E04A56A}"
EndProject
Project("{8BC9CEB8-8B4A-11D0-8D11-00A0C91BC942}") = "scaling-helpers-test", "scaling-helpers-test.vcxproj", "{DCEBA5B2-1566-4E79-897B-38A7773999A7}"
EndProject
Project("{8BC9CEB8-8B4A-11D0-8D11-00A0C91BC942}") = "scaling-test", "scaling-test.vcxproj", "{6F3ABF11-70EA-429A-9D52-151FE01C6C21}"
EndProject
Project("{8BC9CEB8-8B4A-11D0-8D11-00A0C91BC942}") = "stress-test", "stress-test.vcxproj", "{DF4DFA21-5F98-4349-9DD3-B9B2C1DECF41}"
EndProject
Project("{8BC9CEB8-8B4A-11D0-8D11-00A0C91BC942}") = "trap-crasher", "trap-crasher.vcxproj", "{6996CB8E-8B77-4E17-9009-0266255CFCD0}"
EndProject
Project("{8BC9CEB8-8B4A-11D0-8D11-00A0C91BC942}") = "pixman-install", "pixman-install.vcxproj", "{9035BDC0-BFAE-4D53-907E-24AE564E6B20}"
EndProject
Global
	GlobalSection(SolutionConfigurationPlatforms) = preSolution
		Debug|Win32 = Debug|Win32
		Debug|x64 = Debug|x64
		Release|Win32 = Release|Win32
		Release|x64 = Release|x64
	EndGlobalSection
	GlobalSection(ProjectConfigurationPlatforms) = postSolution
		{3D884060-985F-4A20-8BA9-9DF4E33A9582}.Debug|Win32.ActiveCfg = Debug|Win32
		{3D884060-985F-4A20-8BA9-9DF4E33A9582}.Debug|Win32.Build.0 = Debug|Win32
		{3D884060-985F-4A20-8BA9-9DF4E33A9582}.Debug|x64.ActiveCfg = Debug|x64
		{3D884060-985F-4A20-8BA9-9DF4E33A9582}.Debug|x64.Build.0 = Debug|x64
		{3D884060-985F-4A20-8BA9-9DF4E33A9582}.Release|Win32.ActiveCfg = Release|Win32
		{3D884060-985F-4A20-8BA9-9DF4E33A9582}.Release|Win32.Build.0 = Release|Win32
		{3D884060-985F-4A20-8BA9-9DF4E33A9582}.Release|x64.ActiveCfg = Release|x64
		{3D884060-985F-4A20-8BA9-9DF4E33A9582}.Release|x64.Build.0 = Release|x64
		{944B8C0F-E24E-4DBA-BAA8-A7FECE4DE231}.Debug|Win32.ActiveCfg = Debug|Win32
		{944B8C0F-E24E-4DBA-BAA8-A7FECE4DE231}.Debug|Win32.Build.0 = Debug|Win32
		{944B8C0F-E24E-4DBA-BAA8-A7FECE4DE231}.Debug|x64.ActiveCfg = Debug|x64
		{944B8C0F-E24E-4DBA-BAA8-A7FECE4DE231}.Debug|x64.Build.0 = Debug|x64
		{944B8C0F-E24E-4DBA-BAA8-A7FECE4DE231}.Release|Win32.ActiveCfg = Release|Win32
		{944B8C0F-E24E-4DBA-BAA8-A7FECE4DE231}.Release|Win32.Build.0 = Release|Win32
		{944B8C0F-E24E-4DBA-BAA8-A7FECE4DE231}.Release|x64.ActiveCfg = Release|x64
		{944B8C0F-E24E-4DBA-BAA8-A7FECE4DE231}.Release|x64.Build.0 = Release|x64
		{EDD79FCF-AC6A-4348-BADF-9A117771EAA5}.Debug|Win32.ActiveCfg = Debug|Win32
		{EDD79FCF-AC6A-4348-BADF-9A117771EAA5}.Debug|Win32.Build.0 = Debug|Win32
		{EDD79FCF-AC6A-4348-BADF-9A117771EAA5}.Debug|x64.ActiveCfg = Debug|x64
		{EDD79FCF-AC6A-4348-BADF-9A117771EAA5}.Debug|x64.Build.0 = Debug|x64
		{EDD79FCF-AC6A-4348-BADF-9A117771EAA5}.Release|Win32.ActiveCfg = Release|Win32
		{EDD79FCF-AC6A-4348-BADF-9A117771EAA5}.Release|Win32.Build.0 = Release|Win32
		{EDD79FCF-AC6A-4348-BADF-9A117771EAA5}.Release|x64.ActiveCfg = Release|x64
		{EDD79FCF-AC6A-4348-BADF-9A117771EAA5}.Release|x64.Build.0 = Release|x64
		{EB9A286F-735E-4590-B08B-856529FD1A24}.Debug|Win32.ActiveCfg = Debug|Win32
		{EB9A286F-735E-4590-B08B-856529FD1A24}.Debug|Win32.Build.0 = Debug|Win32
		{EB9A286F-735E-4590-B08B-856529FD1A24}.Debug|x64.ActiveCfg = Debug|x64
		{EB9A286F-735E-4590-B08B-856529FD1A24}.Debug|x64.Build.0 = Debug|x64
		{EB9A286F-735E-4590-B08B-856529FD1A24}.Release|Win32.ActiveCfg = Release|Win32
		{EB9A286F-735E-4590-B08B-856529FD1A24}.Release|Win32.Build.0 = Release|Win32
		{EB9A286F-735E-4590-B08B-856529FD1A24}.Release|x64.ActiveCfg = Release|x64
		{EB9A286F-735E-4590-B08B-856529FD1A24}.Release|x64.Build.0 = Release|x64
		{64E7839A-667C-43B7-A943-4D48FD05BA08}.Debug|Win32.ActiveCfg = Debug|Win32
		{64E7839A-667C-43B7-A943-4D48FD05BA08}.Debug|Win32.Build.0 = Debug|Win32
		{64E7839A-667C-43B7-A943-4D48FD05BA08}.Debug|x64.ActiveCfg = Debug|x64
		{64E7839A-667C-43B7-A943-4D48FD05BA08}.Debug|x64.Build.0 = Debug|x64
		{64E7839A-667C-43B7-A943-4D48FD05BA08}.Release|Win32.ActiveCfg = Release|Win32
		{64E7839A-667C-43B7-A943-4D48FD05BA08}.Release|Win32.Build.0 = Release|Win32
		{64E7839A-667C-43B7-A943-4D48FD05BA08}.Release|x64.ActiveCfg = Release|x64
		{64E7839A-667C-43B7-A943-4D48FD05BA08}.Release|x64.Build.0 = Release|x64
		{5B7F2959-A6D3-49CC-9616-EC9FAE9D04EC}.Debug|Win32.ActiveCfg = Debug|Win32
		{5B7F2959-A6D3-49CC-9616-EC9FAE9D04EC}.Debug|Win32.Build.0 = Debug|Win32
		{5B7F2959-A6D3-49CC-9616-EC9FAE9D04EC}.Debug|x64.ActiveCfg = Debug|x64
		{5B7F2959-A6D3-49CC-9616-EC9FAE9D04EC}.Debug|x64.Build.0 = Debug|x64
		{5B7F2959-A6D3-49CC-9616-EC9FAE9D04EC}.Release|Win32.ActiveCfg = Release|Win32
		{5B7F2959-A6D3-49CC-9616-EC9FAE9D04EC}.Release|Win32.Build.0 = Release|Win32
		{5B7F2959-A6D3-49CC-9616-EC9FAE9D04EC}.Release|x64.ActiveCfg = Release|x64
		{5B7F2959-A6D3-49CC-9616-EC9FAE9D04EC}.Release|x64.Build.0 = Release|x64
		{D062AF83-7781-4721-A6A7-BC47DCAD5AF4}.Debug|Win32.ActiveCfg = Debug|Win32
		{D062AF83-7781-4721-A6A7-BC47DCAD5AF4}.Debug|Win32.Build.0 = Debug|Win32
		{D062AF83-7781-4721-A6A7-BC47DCAD5AF4}.Debug|x64.ActiveCfg = Debug|x64
		{D062AF83-7781-4721-A6A7-BC47DCAD5AF4}.Debug|x64.Build.0 = Debug|x64
		{D062AF83-7781-4721-A6A7-BC47DCAD5AF4}.Release|Win32.ActiveCfg = Release|Win32
		{D062AF83-7781-4721-A6A7-BC47DCAD5AF4}.Release|Win32.Build.0 = Release|Win32
		{D062AF83-7781-4721-A6A7-BC47DCAD5AF4}.Release|x64.ActiveCfg = Release|x64
		{D062AF83-7781-4721-A6A7-BC47DCAD5AF4}.Release|x64.Build.0 = Release|x64
		{5F444F67-FC05-4C2D-9ECF-3E8EA94EBD06}.Debug|Win32.ActiveCfg = Debug|Win32
		{5F444F67-FC05-4C2D-9ECF-3E8EA94EBD06}.Debug|Win32.Build.0 = Debug|Win32
		{5F444F67-FC05-4C2D-9ECF-3E8EA94EBD06}.Debug|x64.ActiveCfg = Debug|x64
		{5F444F67-FC05-4C2D-9ECF-3E8EA94EBD06}.Debug|x64.Build.0 = Debug|x64
		{5F444F67-FC05-4C2D-9ECF-3E8EA94EBD06}.Release|Win32.ActiveCfg = Release|Win32
		{5F444F67-FC05-4C2D-9ECF-3E8EA94EBD06}.Release|Win32.Build.0 = Release|Win32
		{5F444F67-FC05-4C2D-9ECF-3E8EA94EBD06}.Release|x64.ActiveCfg = Release|x64
		{5F444F67-FC05-4C2D-9ECF-3E8EA94EBD06}.Release|x64.Build.0 = Release|x64
		{4063D444-91DF-4B7A-9FBE-217A0418A28F}.Debug|Win32.ActiveCfg = Debug|Win32
		{4063D444-91DF-4B7A-9FBE-217A0418A28F}.Debug|Win32.Build.0 = Debug|Win32
		{4063D444-91DF-4B7A-9FBE-217A0418A28F}.Debug|x64.ActiveCfg = Debug|x64
		{4063D444-91DF-4B7A-9FBE-217A0418A28F}.Debug|x64.Build.0 = Debug|x64
		{4063D444-91DF-4B7A-9FBE-217A0418A28F}.Release|Win32.ActiveCfg = Release|Win32
		{4063D444-91DF-4B7A-9FBE-217A0418A28F}.Release|Win32.Build.0 = Release|Win32
		{4063D444-91DF-4B7A-9FBE-217A0418A28F}.Release|x64.ActiveCfg = Release|x64
		{4063D444-91DF-4B7A-9FBE-217A0418A28F}.Release|x64.Build.0 = Release|x64
		{3A307E11-1A84-4EED-96C9-82F294C97605}.Debug|Win32.ActiveCfg = Debug|Win32
		{3A307E11-1A84-4EED-96C9-82F294C97605}.Debug|Win32.Build.0 = Debug|Win32
		{3A307E11-1A84-4EED-96C9-82F294C97605}.Debug|x64.ActiveCfg = Debug|x64
		{3A307E11-1A84-4EED-96C9-82F294C97605}.Debug|x64.Build.0 = Debug|x64
		{3A307E11-1A84-4EED-96C9-82F294C97605}.Release|Win32.ActiveCfg = Release|Win32
		{3A307E11-1A84-4EED-96C9-82F294C97605}.Release|Win32.Build.0 = Release|Win32
		{3A307E11-1A84-4EED-96C9-82F294C97605}.Release|x64.ActiveCfg = Release|x64
		{3A307E11-1A84-4EED-96C9-82F294C97605}.Release|x64.Build.0 = Release|x64
		{D0DC7286-B2C8-49A0-8681-D38CDB5B2BF7}.Debug|Win32.ActiveCfg = Debug|Win32
		{D0DC7286-B2C8-49A0-8681-D38CDB5B2BF7}.Debug|Win32.Build.0 = Debug|Win32
		{D0DC7286-B2C8-49A0-8681-D38CDB5B2BF7}.Debug|x64.ActiveCfg = Debug|x64
		{D0DC7286-B2C8-49A0-8681-D38CDB5B2BF7}.Debug|x64.Build.0 = Debug|x64
		{D0DC7286-B2C8-49A0-8681-D38CDB5B2BF7}.Release|Win32.ActiveCfg = Release|Win32
		{D0DC7286-B2C8-49A0-8681-D38CDB5B2BF7}.Release|Win32.Build.0 = Release|Win32
		{D0DC7286-B2C8-49A0-8681-D38CDB5B2BF7}.Release|x64.ActiveCfg = Release|x64
		{D0DC7286-B2C8-49A0-8681-D38CDB5B2BF7}.Release|x64.Build.0 = Release|x64
		{1EA27502-5C8E-4791-A65F-FC4E9FA2CD16}.Debug|Win32.ActiveCfg = Debug|Win32
		{1EA27502-5C8E-4791-A65F-FC4E9FA2CD16}.Debug|Win32.Build.0 = Debug|Win32
		{1EA27502-5C8E-4791-A65F-FC4E9FA2CD16}.Debug|x64.ActiveCfg = Debug|x64
		{1EA27502-5C8E-4791-A65F-FC4E9FA2CD16}.Debug|x64.Build.0 = Debug|x64
		{1EA27502-5C8E-4791-A65F-FC4E9FA2CD16}.Release|Win32.ActiveCfg = Release|Win32
		{1EA27502-5C8E-4791-A65F-FC4E9FA2CD16}.Release|Win32.Build.0 = Release|Win32
		{1EA27502-5C8E-4791-A65F-FC4E9FA2CD16}.Release|x64.ActiveCfg = Release|x64
		{1EA27502-5C8E-4791-A65F-FC4E9FA2CD16}.Release|x64.Build.0 = Release|x64
		{8DD8125E-C85F-47D0-81D8-02256D9FF7E8}.Debug|Win32.ActiveCfg = Debug|Win32
		{8DD8125E-C85F-47D0-81D8-02256D9FF7E8}.Debug|Win32.Build.0 = Debug|Win32
		{8DD8125E-C85F-47D0-81D8-02256D9FF7E8}.Debug|x64.ActiveCfg = Debug|x64
		{8DD8125E-C85F-47D0-81D8-02256D9FF7E8}.Debug|x64.Build.0 = Debug|x64
		{8DD8125E-C85F-47D0-81D8-02256D9FF7E8}.Release|Win32.ActiveCfg = Release|Win32
		{8DD8125E-C85F-47D0-81D8-02256D9FF7E8}.Release|Win32.Build.0 = Release|Win32
		{8DD8125E-C85F-47D0-81D8-02256D9FF7E8}.Release|x64.ActiveCfg = Release|x64
		{8DD8125E-C85F-47D0-81D8-02256D9FF7E8}.Release|x64.Build.0 = Release|x64
		{12A2C9C8-F1F1-41E9-9BE8-E77F6A5DFDF0}.Debug|Win32.ActiveCfg = Debug|Win32
		{12A2C9C8-F1F1-41E9-9BE8-E77F6A5DFDF0}.Debug|Win32.Build.0 = Debug|Win32
		{12A2C9C8-F1F1-41E9-9BE8-E77F6A5DFDF0}.Debug|x64.ActiveCfg = Debug|x64
		{12A2C9C8-F1F1-41E9-9BE8-E77F6A5DFDF0}.Debug|x64.Build.0 = Debug|x64
		{12A2C9C8-F1F1-41E9-9BE8-E77F6A5DFDF0}.Release|Win32.ActiveCfg = Release|Win32
		{12A2C9C8-F1F1-41E9-9BE8-E77F6A5DFDF0}.Release|Win32.Build.0 = Release|Win32
		{12A2C9C8-F1F1-41E9-9BE8-E77F6A5DFDF0}.Release|x64.ActiveCfg = Release|x64
		{12A2C9C8-F1F1-41E9-9BE8-E77F6A5DFDF0}.Release|x64.Build.0 = Release|x64
		{3050B13C-71A2-46D9-B449-5EA7110EF4F9}.Debug|Win32.ActiveCfg = Debug|Win32
		{3050B13C-71A2-46D9-B449-5EA7110EF4F9}.Debug|Win32.Build.0 = Debug|Win32
		{3050B13C-71A2-46D9-B449-5EA7110EF4F9}.Debug|x64.ActiveCfg = Debug|x64
		{3050B13C-71A2-46D9-B449-5EA7110EF4F9}.Debug|x64.Build.0 = Debug|x64
		{3050B13C-71A2-46D9-B449-5EA7110EF4F9}.Release|Win32.ActiveCfg = Release|Win32
		{3050B13C-71A2-46D9-B449-5EA7110EF4F9}.Release|Win32.Build.0 = Release|Win32
		{3050B13C-71A2-46D9-B449-5EA7110EF4F9}.Release|x64.ActiveCfg = Release|x64
		{3050B13C-71A2-46D9-B449-5EA7110EF4F9}.Release|x64.Build.0 = Release|x64
		{6F541D24-3BB8-4AB4-B45F-5434D0BFBFD0}.Debug|Win32.ActiveCfg = Debug|Win32
		{6F541D24-3BB8-4AB4-B45F-5434D0BFBFD0}.Debug|Win32.Build.0 = Debug|Win32
		{6F541D24-3BB8-4AB4-B45F-5434D0BFBFD0}.Debug|x64.ActiveCfg = Debug|x64
		{6F541D24-3BB8-4AB4-B45F-5434D0BFBFD0}.Debug|x64.Build.0 = Debug|x64
		{6F541D24-3BB8-4AB4-B45F-5434D0BFBFD0}.Release|Win32.ActiveCfg = Release|Win32
		{6F541D24-3BB8-4AB4-B45F-5434D0BFBFD0}.Release|Win32.Build.0 = Release|Win32
		{6F541D24-3BB8-4AB4-B45F-5434D0BFBFD0}.Release|x64.ActiveCfg = Release|x64
		{6F541D24-3BB8-4AB4-B45F-5434D0BFBFD0}.Release|x64.Build.0 = Release|x64
		{DED46E8D-C122-41D6-B1A5-CE83E1547ABA}.Debug|Win32.ActiveCfg = Debug|Win32
		{DED46E8D-C122-41D6-B1A5-CE83E1547ABA}.Debug|Win32.Build.0 = Debug|Win32
		{DED46E8D-C122-41D6-B1A5-CE83E1547ABA}.Debug|x64.ActiveCfg = Debug|x64
		{DED46E8D-C122-41D6-B1A5-CE83E1547ABA}.Debug|x64.Build.0 = Debug|x64
		{DED46E8D-C122-41D6-B1A5-CE83E1547ABA}.Release|Win32.ActiveCfg = Release|Win32
		{DED46E8D-C122-41D6-B1A5-CE83E1547ABA}.Release|Win32.Build.0 = Release|Win32
		{DED46E8D-C122-41D6-B1A5-CE83E1547ABA}.Release|x64.ActiveCfg = Release|x64
		{DED46E8D-C122-41D6-B1A5-CE83E1547ABA}.Release|x64.Build.0 = Release|x64
		{BE58FBF3-38FE-4C2F-B6A4-6250DED79B1D}.Debug|Win32.ActiveCfg = Debug|Win32
		{BE58FBF3-38FE-4C2F-B6A4-6250DED79B1D}.Debug|Win32.Build.0 = Debug|Win32
		{BE58FBF3-38FE-4C2F-B6A4-6250DED79B1D}.Debug|x64.ActiveCfg = Debug|x64
		{BE58FBF3-38FE-4C2F-B6A4-6250DED79B1D}.Debug|x64.Build.0 = Debug|x64
		{BE58FBF3-38FE-4C2F-B6A4-6250DED79B1D}.Release|Win32.ActiveCfg = Release|Win32
		{BE58FBF3-38FE-4C2F-B6A4-6250DED79B1D}.Release|Win32.Build.0 = Release|Win32
		{BE58FBF3-38FE-4C2F-B6A4-6250DED79B1D}.Release|x64.ActiveCfg = Release|x64
		{BE58FBF3-38FE-4C2F-B6A4-6250DED79B1D}.Release|x64.Build.0 = Release|x64
		{3E3C1D84-3713-4789-9A2D-8288F33D45D6}.Debug|Win32.ActiveCfg = Debug|Win32
		{3E3C1D84-3713-4789-9A2D-8288F33D45D6}.Debug|Win32.Build.0 = Debug|Win32
		{3E3C1D84-3713-4789-9A2D-8288F33D45D6}.Debug|x64.ActiveCfg = Debug|x64
		{3E3C1D84-3713-4789-9A2D-8288F33D45D6}.Debug|x64.Build.0 = Debug|x64
		{3E3C1D84-3713-4789-9A2D-8288F33D45D6}.Release|Win32.ActiveCfg = Release|Win32
		{3E3C1D84-3713-4789-9A2D-8288F33D45D6}.Release|Win32.Build.0 = Release|Win32
		{3E3C1D84-3713-4789-9A2D-8288F33D45D6}.Release|x64.ActiveCfg = Release|x64
		{3E3C1D84-3713-4789-9A2D-8288F33D45D6}.Release|x64.Build.0 = Release|x64
		{D83360BA-6911-49CE-B0C5-8B77D68EEB83}.Debug|Win32.ActiveCfg = Debug|Win32
		{D83360BA-6911-49CE-B0C5-8B77D68EEB83}.Debug|Win32.Build.0 = Debug|Win32
		{D83360BA-6911-49CE-B0C5-8B77D68EEB83}.Debug|x64.ActiveCfg = Debug|x64
		{D83360BA-6911-49CE-B0C5-8B77D68EEB83}.Debug|x64.Build.0 = Debug|x64
		{D83360BA-6911-49CE-B0C5-8B77D68EEB83}.Release|Win32.ActiveCfg = Release|Win32
		{D83360BA-6911-49CE-B0C5-8B77D68EEB83}.Release|Win32.Build.0 = Release|Win32
		{D83360BA-6911-49CE-B0C5-8B77D68EEB83}.Release|x64.ActiveCfg = Release|x64
		{D83360BA-6911-49CE-B0C5-8B77D68EEB83}.Release|x64.Build.0 = Release|x64
		{3B537851-D69A-4E85-B520-0630DEFE7009}.Debug|Win32.ActiveCfg = Debug|Win32
		{3B537851-D69A-4E85-B520-0630DEFE7009}.Debug|Win32.Build.0 = Debug|Win32
		{3B537851-D69A-4E85-B520-0630DEFE7009}.Debug|x64.ActiveCfg = Debug|x64
		{3B537851-D69A-4E85-B520-0630DEFE7009}.Debug|x64.Build.0 = Debug|x64
		{3B537851-D69A-4E85-B520-0630DEFE7009}.Release|Win32.ActiveCfg = Release|Win32
		{3B537851-D69A-4E85-B520-0630DEFE7009}.Release|Win32.Build.0 = Release|Win32
		{3B537851-D69A-4E85-B520-0630DEFE7009}.Release|x64.ActiveCfg = Release|x64
		{3B537851-D69A-4E85-B520-0630DEFE7009}.Release|x64.Build.0 = Release|x64
		{5CB5FCF2-2F30-428C-9452-FC741B4C8712}.Debug|Win32.ActiveCfg = Debug|Win32
		{5CB5FCF2-2F30-428C-9452-FC741B4C8712}.Debug|Win32.Build.0 = Debug|Win32
		{5CB5FCF2-2F30-428C-9452-FC741B4C8712}.Debug|x64.ActiveCfg = Debug|x64
		{5CB5FCF2-2F30-428C-9452-FC741B4C8712}.Debug|x64.Build.0 = Debug|x64
		{5CB5FCF2-2F30-428C-9452-FC741B4C8712}.Release|Win32.ActiveCfg = Release|Win32
		{5CB5FCF2-2F30-428C-9452-FC741B4C8712}.Release|Win32.Build.0 = Release|Win32
		{5CB5FCF2-2F30-428C-9452-FC741B4C8712}.Release|x64.ActiveCfg = Release|x64
		{5CB5FCF2-2F30-428C-9452-FC741B4C8712}.Release|x64.Build.0 = Release|x64
		{5846E5AC-DED5-443A-ACA4-F767270909C0}.Debug|Win32.ActiveCfg = Debug|Win32
		{5846E5AC-DED5-443A-ACA4-F767270909C0}.Debug|Win32.Build.0 = Debug|Win32
		{5846E5AC-DED5-443A-ACA4-F767270909C0}.Debug|x64.ActiveCfg = Debug|x64
		{5846E5AC-DED5-443A-ACA4-F767270909C0}.Debug|x64.Build.0 = Debug|x64
		{5846E5AC-DED5-443A-ACA4-F767270909C0}.Release|Win32.ActiveCfg = Release|Win32
		{5846E5AC-DED5-443A-ACA4-F767270909C0}.Release|Win32.Build.0 = Release|Win32
		{5846E5AC-DED5-443A-ACA4-F767270909C0}.Release|x64.ActiveCfg = Release|x64
		{5846E5AC-DED5-443A-ACA4-F767270909C0}.Release|x64.Build.0 = Release|x64
		{2E18C756-1A78-40D9-AAF3-17078E04A56A}.Debug|Win32.ActiveCfg = Debug|Win32
		{2E18C756-1A78-40D9-AAF3-17078E04A56A}.Debug|Win32.Build.0 = Debug|Win32
		{2E18C756-1A78-40D9-AAF3-17078E04A56A}.Debug|x64.ActiveCfg = Debug|x64
		{2E18C756-1A78-40D9-AAF3-17078E04A56A}.Debug|x64.Build.0 = Debug|x64
		{2E18C756-1A78-40D9-AAF3-17078E04A56A}.Release|Win32.ActiveCfg = Release|Win32
		{2E18C756-1A78-40D9-AAF3-17078E04A56A}.Release|Win32.Build.0 = Release|Win32
		{2E18C756-1A78-40D9-AAF3-17078E04A56A}.Release|x64.ActiveCfg = Release|x64
		{2E18C756-1A78-40D9-AAF3-17078E04A56A}.Release|x64.Build.0 = Release|x64
		{DCEBA5B2-1566-4E79-897B-38A7773999A7}.Debug|Win32.ActiveCfg = Debug|Win32
		{DCEBA5B2-1566-4E79-897B-38A7773999A7}.Debug|Win32.Build.0 = Debug|Win32
		{DCEBA5B2-1566-4E79-897B-38A7773999A7}.Debug|x64.ActiveCfg = Debug|x64
		{DCEBA5B2-1566-4E79-897B-38A7773999A7}.Debug|x64.Build.0 = Debug|x64
		{DCEBA5B2-1566-4E79-897B-38A7773999A7}.Release|Win32.ActiveCfg = Release|Win32
		{DCEBA5B2-1566-4E79-897B-38A7773999A7}.Release|Win32.Build.0 = Release|Win32
		{DCEBA5B2-1566-4E79-897B-38A7773999A7}.Release|x64.ActiveCfg = Release|x64
		{DCEBA5B2-1566-4E79-897B-38A7773999A7}.Release|x64.Build.0 = Release|x64
		{6F3ABF11-70EA-429A-9D52-151FE01C6C21}.Debug|Win32.ActiveCfg = Debug|Win32
		{6F3ABF11-70EA-429A-9D52-151FE01C6C21}.Debug|Win32.Build.0 = Debug|Win32
		{6F3ABF11-70EA-429A-9D52-151FE01C6C21}.Debug|x64.ActiveCfg = Debug|x64
		{6F3ABF11-70EA-429A-9D52-151FE01C6C21}.Debug|x64.Build.0 = Debug|x64
		{6F3ABF11-70EA-429A-9D52-151FE01C6C21}.Release|Win32.ActiveCfg = Release|Win32
		{6F3ABF11-70EA-429A-9D52-151FE01C6C21}.Release|Win32.Build.0 = Release|Win32
		{6F3ABF11-70EA-429A-9D52-151FE01C6C21}.Release|x64.ActiveCfg = Release|x64
		{6F3ABF11-70EA-429A-9D52-151FE01C6C21}.Release|x64.Build.0 = Release|x64
		{DF4DFA21-5F98-4349-9DD3-B9B2C1DECF41}.Debug|Win32.ActiveCfg = Debug|Win32
		{DF4DFA21-5F98-4349-9DD3-B9B2C1DECF41}.Debug|Win32.Build.0 = Debug|Win32
		{DF4DFA21-5F98-4349-9DD3-B9B2C1DECF41}.Debug|x64.ActiveCfg = Debug|x64
		{DF4DFA21-5F98-4349-9DD3-B9B2C1DECF41}.Debug|x64.Build.0 = Debug|x64
		{DF4DFA21-5F98-4349-9DD3-B9B2C1DECF41}.Release|Win32.ActiveCfg = Release|Win32
		{DF4DFA21-5F98-4349-9DD3-B9B2C1DECF41}.Release|Win32.Build.0 = Release|Win32
		{DF4DFA21-5F98-4349-9DD3-B9B2C1DECF41}.Release|x64.ActiveCfg = Release|x64
		{DF4DFA21-5F98-4349-9DD3-B9B2C1DECF41}.Release|x64.Build.0 = Release|x64
		{6996CB8E-8B77-4E17-9009-0266255CFCD0}.Debug|Win32.ActiveCfg = Debug|Win32
		{6996CB8E-8B77-4E17-9009-0266255CFCD0}.Debug|Win32.Build.0 = Debug|Win32
		{6996CB8E-8B77-4E17-9009-0266255CFCD0}.Debug|x64.ActiveCfg = Debug|x64
		{6996CB8E-8B77-4E17-9009-0266255CFCD0}.Debug|x64.Build.0 = Debug|x64
		{6996CB8E-8B77-4E17-9009-0266255CFCD0}.Release|Win32.ActiveCfg = Release|Win32
		{6996CB8E-8B77-4E17-9009-0266255CFCD0}.Release|Win32.Build.0 = Release|Win32
		{6996CB8E-8B77-4E17-9009-0266255CFCD0}.Release|x64.ActiveCfg = Release|x64
		{6996CB8E-8B77-4E17-9009-0266255CFCD0}.Release|x64.Build.0 = Release|x64
		{9035BDC0-BFAE-4D53-907E-24AE564E6B20}.Debug|Win32.ActiveCfg = Debug|Win32
		{9035BDC0-BFAE-4D53-907E-24AE564E6B20}.Debug|Win32.Build.0 = Debug|Win32
		{9035BDC0-BFAE-4D53-907E-24AE564E6B20}.Debug|x64.ActiveCfg = Debug|x64
		{9035BDC0-BFAE-4D53-907E-24AE564E6B20}.Debug|x64.Build.0 = Debug|x64
		{9035BDC0-BFAE-4D53-907E-24AE564E6B20}.Release|Win32.ActiveCfg = Release|Win32
		{9035BDC0-BFAE-4D53-907E-24AE564E6B20}.Release|Win32.Build.0 = Release|Win32
		{9035BDC0-BFAE-4D53-907E-24AE564E6B20}.Release|x64.ActiveCfg = Release|x64
		{9035BDC0-BFAE-4D53-907E-24AE564E6B20}.Release|x64.Build.0 = Release|x64
	EndGlobalSection
	GlobalSection(SolutionProperties) = preSolution
		HideSolutionNode = FALSE
	EndGlobalSection
EndGlobal
