
Microsoft Visual Studio Solution File, Format Version 10.00
# Visual Studio 2008
Project("{8BC9CEB8-8B4A-11D0-8D11-00A0C91BC942}") = "cairo", "cairo.vcproj", "{FAFFBDC9-5739-43C1-9C96-B5DE8206F672}"
EndProject
Project("{8BC9CEB8-8B4A-11D0-8D11-00A0C91BC942}") = "cairo-gobject", "cairo-gobject.vcproj", "{A11DF28B-3B78-42F3-B979-9AF5E3FC299D}"
	ProjectSection(ProjectDependencies) = postProject
		{FAFFBDC9-5739-43C1-9C96-B5DE8206F672} = {FAFFBDC9-5739-43C1-9C96-B5DE8206F672}
	EndProjectSection
EndProject
Project("{8BC9CEB8-8B4A-11D0-8D11-00A0C91BC942}") = "cairo-script-interpretor", "cairo-script-interpretor.vcproj", "{98520DB5-11FA-4520-8548-38D5609BFE51}"
	ProjectSection(ProjectDependencies) = postProject
		{FAFFBDC9-5739-43C1-9C96-B5DE8206F672} = {FAFFBDC9-5739-43C1-9C96-B5DE8206F672}
	EndProjectSection
EndProject
Project("{8BC9CEB8-8B4A-11D0-8D11-00A0C91BC942}") = "csi-bind", "csi-bind.vcproj", "{0FF67006-0DE5-4841-9602-C4ACA91A2070}"
	ProjectSection(ProjectDependencies) = postProject
		{98520DB5-11FA-4520-8548-38D5609BFE51} = {98520DB5-11FA-4520-8548-38D5609BFE51}
		{FAFFBDC9-5739-43C1-9C96-B5DE8206F672} = {FAFFBDC9-5739-43C1-9C96-B5DE8206F672}
	EndProjectSection
EndProject
Project("{8BC9CEB8-8B4A-11D0-8D11-00A0C91BC942}") = "csi-exec", "csi-exec.vcproj", "{0BDA2A6A-E577-4274-962A-81ED3965BFC5}"
	ProjectSection(ProjectDependencies) = postProject
		{98520DB5-11FA-4520-8548-38D5609BFE51} = {98520DB5-11FA-4520-8548-38D5609BFE51}
		{FAFFBDC9-5739-43C1-9C96-B5DE8206F672} = {FAFFBDC9-5739-43C1-9C96-B5DE8206F672}
	EndProjectSection
EndProject
Project("{8BC9CEB8-8B4A-11D0-8D11-00A0C91BC942}") = "csi-replay", "csi-replay.vcproj", "{E87D935B-0259-4154-82DA-C940C3D1BC14}"
	ProjectSection(ProjectDependencies) = postProject
		{98520DB5-11FA-4520-8548-38D5609BFE51} = {98520DB5-11FA-4520-8548-38D5609BFE51}
		{FAFFBDC9-5739-43C1-9C96-B5DE8206F672} = {FAFFBDC9-5739-43C1-9C96-B5DE8206F672}
	EndProjectSection
EndProject
Project("{8BC9CEB8-8B4A-11D0-8D11-00A0C91BC942}") = "cairo-install", "cairo-install.vcproj", "{7ADDE4D5-B396-4CF5-8D47-17B41800832F}"
	ProjectSection(ProjectDependencies) = postProject
		{0FF67006-0DE5-4841-9602-C4ACA91A2070} = {0FF67006-0DE5-4841-9602-C4ACA91A2070}
		{E87D935B-0259-4154-82DA-C940C3D1BC14} = {E87D935B-0259-4154-82DA-C940C3D1BC14}
		{0BDA2A6A-E577-4274-962A-81ED3965BFC5} = {0BDA2A6A-E577-4274-962A-81ED3965BFC5}
		{A11DF28B-3B78-42F3-B979-9AF5E3FC299D} = {A11DF28B-3B78-42F3-B979-9AF5E3FC299D}
		{98520DB5-11FA-4520-8548-38D5609BFE51} = {98520DB5-11FA-4520-8548-38D5609BFE51}
		{FAFFBDC9-5739-43C1-9C96-B5DE8206F672} = {FAFFBDC9-5739-43C1-9C96-B5DE8206F672}
	EndProjectSection
EndProject
Global
	GlobalSection(SolutionConfigurationPlatforms) = preSolution
		Debug|Win32 = Debug|Win32
		Debug|x64 = Debug|x64
		Release|Win32 = Release|Win32
		Release|x64 = Release|x64
	EndGlobalSection
	GlobalSection(ProjectConfigurationPlatforms) = postSolution
		{FAFFBDC9-5739-43C1-9C96-B5DE8206F672}.Debug|Win32.ActiveCfg = Debug|Win32
		{FAFFBDC9-5739-43C1-9C96-B5DE8206F672}.Debug|Win32.Build.0 = Debug|Win32
		{FAFFBDC9-5739-43C1-9C96-B5DE8206F672}.Debug|x64.ActiveCfg = Debug|x64
		{FAFFBDC9-5739-43C1-9C96-B5DE8206F672}.Debug|x64.Build.0 = Debug|x64
		{FAFFBDC9-5739-43C1-9C96-B5DE8206F672}.Release|Win32.ActiveCfg = Release|Win32
		{FAFFBDC9-5739-43C1-9C96-B5DE8206F672}.Release|Win32.Build.0 = Release|Win32
		{FAFFBDC9-5739-43C1-9C96-B5DE8206F672}.Release|x64.ActiveCfg = Release|x64
		{FAFFBDC9-5739-43C1-9C96-B5DE8206F672}.Release|x64.Build.0 = Release|x64
		{A11DF28B-3B78-42F3-B979-9AF5E3FC299D}.Debug|Win32.ActiveCfg = Debug|Win32
		{A11DF28B-3B78-42F3-B979-9AF5E3FC299D}.Debug|Win32.Build.0 = Debug|Win32
		{A11DF28B-3B78-42F3-B979-9AF5E3FC299D}.Debug|x64.ActiveCfg = Debug|x64
		{A11DF28B-3B78-42F3-B979-9AF5E3FC299D}.Debug|x64.Build.0 = Debug|x64
		{A11DF28B-3B78-42F3-B979-9AF5E3FC299D}.Release|Win32.ActiveCfg = Release|Win32
		{A11DF28B-3B78-42F3-B979-9AF5E3FC299D}.Release|Win32.Build.0 = Release|Win32
		{A11DF28B-3B78-42F3-B979-9AF5E3FC299D}.Release|x64.ActiveCfg = Release|x64
		{A11DF28B-3B78-42F3-B979-9AF5E3FC299D}.Release|x64.Build.0 = Release|x64
		{98520DB5-11FA-4520-8548-38D5609BFE51}.Debug|Win32.ActiveCfg = Debug|Win32
		{98520DB5-11FA-4520-8548-38D5609BFE51}.Debug|Win32.Build.0 = Debug|Win32
		{98520DB5-11FA-4520-8548-38D5609BFE51}.Debug|x64.ActiveCfg = Debug|x64
		{98520DB5-11FA-4520-8548-38D5609BFE51}.Debug|x64.Build.0 = Debug|x64
		{98520DB5-11FA-4520-8548-38D5609BFE51}.Release|Win32.ActiveCfg = Release|Win32
		{98520DB5-11FA-4520-8548-38D5609BFE51}.Release|Win32.Build.0 = Release|Win32
		{98520DB5-11FA-4520-8548-38D5609BFE51}.Release|x64.ActiveCfg = Release|x64
		{98520DB5-11FA-4520-8548-38D5609BFE51}.Release|x64.Build.0 = Release|x64
		{0FF67006-0DE5-4841-9602-C4ACA91A2070}.Debug|Win32.ActiveCfg = Debug|Win32
		{0FF67006-0DE5-4841-9602-C4ACA91A2070}.Debug|Win32.Build.0 = Debug|Win32
		{0FF67006-0DE5-4841-9602-C4ACA91A2070}.Debug|x64.ActiveCfg = Debug|x64
		{0FF67006-0DE5-4841-9602-C4ACA91A2070}.Debug|x64.Build.0 = Debug|x64
		{0FF67006-0DE5-4841-9602-C4ACA91A2070}.Release|Win32.ActiveCfg = Release|Win32
		{0FF67006-0DE5-4841-9602-C4ACA91A2070}.Release|Win32.Build.0 = Release|Win32
		{0FF67006-0DE5-4841-9602-C4ACA91A2070}.Release|x64.ActiveCfg = Release|x64
		{0FF67006-0DE5-4841-9602-C4ACA91A2070}.Release|x64.Build.0 = Release|x64
		{0BDA2A6A-E577-4274-962A-81ED3965BFC5}.Debug|Win32.ActiveCfg = Debug|Win32
		{0BDA2A6A-E577-4274-962A-81ED3965BFC5}.Debug|Win32.Build.0 = Debug|Win32
		{0BDA2A6A-E577-4274-962A-81ED3965BFC5}.Debug|x64.ActiveCfg = Debug|x64
		{0BDA2A6A-E577-4274-962A-81ED3965BFC5}.Debug|x64.Build.0 = Debug|x64
		{0BDA2A6A-E577-4274-962A-81ED3965BFC5}.Release|Win32.ActiveCfg = Release|Win32
		{0BDA2A6A-E577-4274-962A-81ED3965BFC5}.Release|Win32.Build.0 = Release|Win32
		{0BDA2A6A-E577-4274-962A-81ED3965BFC5}.Release|x64.ActiveCfg = Release|x64
		{0BDA2A6A-E577-4274-962A-81ED3965BFC5}.Release|x64.Build.0 = Release|x64
		{E87D935B-0259-4154-82DA-C940C3D1BC14}.Debug|Win32.ActiveCfg = Debug|Win32
		{E87D935B-0259-4154-82DA-C940C3D1BC14}.Debug|Win32.Build.0 = Debug|Win32
		{E87D935B-0259-4154-82DA-C940C3D1BC14}.Debug|x64.ActiveCfg = Debug|x64
		{E87D935B-0259-4154-82DA-C940C3D1BC14}.Debug|x64.Build.0 = Debug|x64
		{E87D935B-0259-4154-82DA-C940C3D1BC14}.Release|Win32.ActiveCfg = Release|Win32
		{E87D935B-0259-4154-82DA-C940C3D1BC14}.Release|Win32.Build.0 = Release|Win32
		{E87D935B-0259-4154-82DA-C940C3D1BC14}.Release|x64.ActiveCfg = Release|x64
		{E87D935B-0259-4154-82DA-C940C3D1BC14}.Release|x64.Build.0 = Release|x64
		{7ADDE4D5-B396-4CF5-8D47-17B41800832F}.Debug|Win32.ActiveCfg = Debug|Win32
		{7ADDE4D5-B396-4CF5-8D47-17B41800832F}.Debug|Win32.Build.0 = Debug|Win32
		{7ADDE4D5-B396-4CF5-8D47-17B41800832F}.Debug|x64.ActiveCfg = Debug|x64
		{7ADDE4D5-B396-4CF5-8D47-17B41800832F}.Debug|x64.Build.0 = Debug|x64
		{7ADDE4D5-B396-4CF5-8D47-17B41800832F}.Release|Win32.ActiveCfg = Release|Win32
		{7ADDE4D5-B396-4CF5-8D47-17B41800832F}.Release|Win32.Build.0 = Release|Win32
		{7ADDE4D5-B396-4CF5-8D47-17B41800832F}.Release|x64.ActiveCfg = Release|x64
		{7ADDE4D5-B396-4CF5-8D47-17B41800832F}.Release|x64.Build.0 = Release|x64
	EndGlobalSection
	GlobalSection(SolutionProperties) = preSolution
		HideSolutionNode = FALSE
	EndGlobalSection
EndGlobal
