<?xml version="1.0" encoding="utf-8"?>
<Project ToolsVersion="4.0" xmlns="http://schemas.microsoft.com/developer/msbuild/2003">
  <ItemGroup>
    <Filter Include="Sources">
      <UniqueIdentifier>{4FC737F1-C7A5-4376-A066-2A32D752A2FF}</UniqueIdentifier>
      <Extensions>cpp;c;cc;cxx;def;odl;idl;hpj;bat;asm;asmx</Extensions>
    </Filter>
    <Filter Include="Headers">
      <UniqueIdentifier>{93995380-89BD-4b04-88EB-625FBE52EBFB}</UniqueIdentifier>
      <Extensions>h;hpp;hxx;hm;inl;inc;xsd</Extensions>
    </Filter>
    <Filter Include="Resource Files">
      <UniqueIdentifier>{67DA6AB6-F800-4c08-8B7A-83BB121AAD01}</UniqueIdentifier>
      <Extensions>rc;ico;cur;bmp;dlg;rc2;rct;bin;rgs;gif;jpg;jpeg;jpe;resx;tiff;tif;png;wav</Extensions>
    </Filter>
  </ItemGroup>
  <ItemGroup>
    <ClCompile Include="..\..\src\xz\args.c"><Filter>Sources</Filter></ClCompile>
    <ClCompile Include="..\..\src\xz\coder.c"><Filter>Sources</Filter></ClCompile>
    <ClCompile Include="..\..\src\xz\file_io.c"><Filter>Sources</Filter></ClCompile>
    <ClCompile Include="..\..\src\xz\hardware.c"><Filter>Sources</Filter></ClCompile>
    <ClCompile Include="..\..\src\xz\list.c"><Filter>Sources</Filter></ClCompile>
    <ClCompile Include="..\..\src\xz\main.c"><Filter>Sources</Filter></ClCompile>
    <ClCompile Include="..\..\src\xz\message.c"><Filter>Sources</Filter></ClCompile>
    <ClCompile Include="..\..\src\xz\mytime.c"><Filter>Sources</Filter></ClCompile>
    <ClCompile Include="..\..\src\xz\options.c"><Filter>Sources</Filter></ClCompile>
    <ClCompile Include="..\..\src\xz\signals.c"><Filter>Sources</Filter></ClCompile>
    <ClCompile Include="..\..\src\xz\suffix.c"><Filter>Sources</Filter></ClCompile>
    <ClCompile Include="..\..\src\xz\util.c"><Filter>Sources</Filter></ClCompile>
    <ClCompile Include="..\..\src\common\tuklib_exit.c"><Filter>Sources</Filter></ClCompile>
    <ClCompile Include="..\..\src\common\tuklib_mbstr_width.c"><Filter>Sources</Filter></ClCompile>
    <ClCompile Include="..\..\src\common\tuklib_mbstr_fw.c"><Filter>Sources</Filter></ClCompile>
    <ClCompile Include="..\..\src\common\tuklib_open_stdxxx.c"><Filter>Sources</Filter></ClCompile>
    <ClCompile Include="..\..\src\common\tuklib_progname.c"><Filter>Sources</Filter></ClCompile>
    <ClCompile Include="..\..\lib\getopt.c"><Filter>Sources</Filter></ClCompile>
    <ClCompile Include="..\..\lib\getopt1.c"><Filter>Sources</Filter></ClCompile>
  </ItemGroup>
  <ItemGroup>
    <ResourceCompile Include="..\..\src\xz\xz_w32res.rc"><Filter>Reource Files</Filter></ResourceCompile>
  </ItemGroup>
  <ItemGroup>
    <CustomBuild Include="..\..\lib\getopt.in.h"><Filter>Reource Files</Filter></CustomBuild>
  </ItemGroup>
</Project>
